
Microsoft Visual Studio Solution File, Format Version 11.00
# Visual C++ Express 2010
Project("{8BC9CEB8-8B4A-11D0-8D11-00A0C91BC942}") = "file_encryption_project", "file_encryption_project\file_encryption_project.vcxproj", "{9956729F-CE98-421B-B86D-A31E19642D90}"
EndProject
Global
	GlobalSection(SolutionConfigurationPlatforms) = preSolution
		Debug|Win32 = Debug|Win32
		Release|Win32 = Release|Win32
	EndGlobalSection
	GlobalSection(ProjectConfigurationPlatforms) = postSolution
		{9956729F-CE98-421B-B86D-A31E19642D90}.Debug|Win32.ActiveCfg = Debug|Win32
		{9956729F-CE98-421B-B86D-A31E19642D90}.Debug|Win32.Build.0 = Debug|Win32
		{9956729F-CE98-421B-B86D-A31E19642D90}.Release|Win32.ActiveCfg = Release|Win32
		{9956729F-CE98-421B-B86D-A31E19642D90}.Release|Win32.Build.0 = Release|Win32
	EndGlobalSection
	GlobalSection(SolutionProperties) = preSolution
		HideSolutionNode = FALSE
	EndGlobalSection
EndGlobal
